{
  "version": 1,
  "dependencies": {
    "net7.0-windows7.0": {
      "EmbedIO": {
        "type": "Direct",
        "requested": "[3.4.3, )",
        "resolved": "3.4.3",
        "contentHash": "YM6hpZNAfvbbixfG9T4lWDGfF0D/TqutbTROL4ogVcHKwPF1hp+xS3ABwd3cxxTxvDFkj/zZl57QgWuFA8Igxw==",
        "dependencies": {
          "Unosquare.Swan.Lite": "3.0.0"
        }
      },
      "Microsoft.Extensions.DependencyInjection": {
        "type": "Direct",
        "requested": "[7.0.0, )",
        "resolved": "7.0.0",
        "contentHash": "elNeOmkeX3eDVG6pYVeV82p29hr+UKDaBhrZyWvWLw/EVZSYEkZlQdkp0V39k/Xehs2Qa0mvoCvkVj3eQxNQ1Q==",
        "dependencies": {
          "Microsoft.Extensions.DependencyInjection.Abstractions": "7.0.0"
        }
      },
      "SharpCompress": {
        "type": "Direct",
        "requested": "[0.32.1, )",
        "resolved": "0.32.1",
        "contentHash": "9Cwj3lK/p7wkiBaQPCvaKINuHYuZ0ACDldA4M3o5ISSq7cjbbq3yqigTDBUoKjtyyXpqmQHUkw6fhLnjNF30ow=="
      },
      "SixLabors.ImageSharp": {
        "type": "Direct",
        "requested": "[3.0.1, )",
        "resolved": "3.0.1",
        "contentHash": "o0v/J6SJwp3RFrzR29beGx0cK7xcMRgOyIuw8ZNLQyNnBhiyL/vIQKn7cfycthcWUPG3XezUjFwBWzkcUUDFbg=="
      },
      "Lumina": {
        "type": "Transitive",
        "resolved": "3.10.2",
        "contentHash": "2bm0s8yh9JsBrK93Pxaq66RkaQdQI5RGVz2c4IFJaRBH3OhueP50O9k0FA4+Z3m7Z+uHMM3Tz6b8qysK9LWvVw=="
      },
      "Microsoft.Extensions.DependencyInjection.Abstractions": {
        "type": "Transitive",
        "resolved": "7.0.0",
        "contentHash": "h3j/QfmFN4S0w4C2A6X7arXij/M/OVw3uQHSOFxnND4DyAzO1F9eMX7Eti7lU/OkSthEE0WzRsfT/Dmx86jzCw=="
      },
      "Microsoft.Win32.SystemEvents": {
        "type": "Transitive",
        "resolved": "7.0.0",
        "contentHash": "2nXPrhdAyAzir0gLl8Yy8S5Mnm/uBSQQA7jEsILOS1MTyS7DbmV1NgViMtvV1sfCD1ebITpNwb1NIinKeJgUVQ=="
      },
      "Newtonsoft.Json": {
        "type": "Transitive",
        "resolved": "13.0.3",
        "contentHash": "HrC5BXdl00IP9zeV+0Z848QWPAoCr9P3bDEZguI+gkLcBKAOxix/tLEAAHC+UvDNPv4a2d18lOReHMOagPa+zQ=="
      },
      "System.Drawing.Common": {
        "type": "Transitive",
        "resolved": "7.0.0",
        "contentHash": "KIX+oBU38pxkKPxvLcLfIkOV5Ien8ReN78wro7OF5/erwcmortzeFx+iBswlh2Vz6gVne0khocQudGwaO1Ey6A==",
        "dependencies": {
          "Microsoft.Win32.SystemEvents": "7.0.0"
        }
      },
      "System.ValueTuple": {
        "type": "Transitive",
        "resolved": "4.5.0",
        "contentHash": "okurQJO6NRE/apDIP23ajJ0hpiNmJ+f0BwOlB/cSqTLQlw5upkf+5+96+iG2Jw40G1fCVCyPz/FhIABUjMR+RQ=="
      },
      "Unosquare.Swan.Lite": {
        "type": "Transitive",
        "resolved": "3.0.0",
        "contentHash": "noPwJJl1Q9uparXy1ogtkmyAPGNfSGb0BLT1292nFH1jdMKje6o2kvvrQUvF9Xklj+IoiAI0UzF6Aqxlvo10lw==",
        "dependencies": {
          "System.ValueTuple": "4.5.0"
        }
      },
      "loosetexturecompilercore": {
        "type": "Project",
        "dependencies": {
          "Lumina": "[3.10.2, )",
          "Newtonsoft.Json": "[13.0.3, )",
          "SixLabors.ImageSharp": "[3.0.1, )",
          "System.Drawing.Common": "[7.0.0, )"
        }
      },
      "ottergui": {
        "type": "Project"
      },
      "penumbra.api": {
        "type": "Project"
      },
      "penumbra.gamedata": {
        "type": "Project",
        "dependencies": {
          "Penumbra.Api": "[1.0.8, )",
          "Penumbra.String": "[1.0.4, )"
        }
      },
      "penumbra.string": {
        "type": "Project"
      }
    }
  }
}